
Microsoft Visual Studio Solution File, Format Version 12.00
# Visual Studio Version 17
VisualStudioVersion = 17.5.002.0
MinimumVisualStudioVersion = 10.0.40219.1
Project("{9A19103F-16F7-4668-BE54-9A1E7A4F7556}") = "FasKes.API", "FasKes.API\FasKes.API.csproj", "{41DE6DAA-37BC-4B3F-9A46-64F9F8043AB4}"
EndProject
Project("{FAE04EC0-301F-11D3-BF4B-00C04F79EFBC}") = "FasKes.Domain", "FasKes.Domain\FasKes.Domain.csproj", "{62730F55-EB3C-45C0-8352-11ABB5B1CCCA}"
EndProject
Project("{FAE04EC0-301F-11D3-BF4B-00C04F79EFBC}") = "FasKes.Application", "FasKes.Application\FasKes.Application.csproj", "{157E90ED-7997-441A-9474-50B2E57B448C}"
EndProject
Project("{FAE04EC0-301F-11D3-BF4B-00C04F79EFBC}") = "FasKes.Infrastructure", "FasKes.Infrastructure\FasKes.Infrastructure.csproj", "{00208EC7-3ADA-4344-A23B-5BC4650E7C00}"
EndProject
Global
	GlobalSection(SolutionConfigurationPlatforms) = preSolution
		Debug|Any CPU = Debug|Any CPU
		Release|Any CPU = Release|Any CPU
	EndGlobalSection
	GlobalSection(ProjectConfigurationPlatforms) = postSolution
		{41DE6DAA-37BC-4B3F-9A46-64F9F8043AB4}.Debug|Any CPU.ActiveCfg = Debug|Any CPU
		{41DE6DAA-37BC-4B3F-9A46-64F9F8043AB4}.Debug|Any CPU.Build.0 = Debug|Any CPU
		{41DE6DAA-37BC-4B3F-9A46-64F9F8043AB4}.Release|Any CPU.ActiveCfg = Release|Any CPU
		{41DE6DAA-37BC-4B3F-9A46-64F9F8043AB4}.Release|Any CPU.Build.0 = Release|Any CPU
		{62730F55-EB3C-45C0-8352-11ABB5B1CCCA}.Debug|Any CPU.ActiveCfg = Debug|Any CPU
		{62730F55-EB3C-45C0-8352-11ABB5B1CCCA}.Debug|Any CPU.Build.0 = Debug|Any CPU
		{62730F55-EB3C-45C0-8352-11ABB5B1CCCA}.Release|Any CPU.ActiveCfg = Release|Any CPU
		{62730F55-EB3C-45C0-8352-11ABB5B1CCCA}.Release|Any CPU.Build.0 = Release|Any CPU
		{157E90ED-7997-441A-9474-50B2E57B448C}.Debug|Any CPU.ActiveCfg = Debug|Any CPU
		{157E90ED-7997-441A-9474-50B2E57B448C}.Debug|Any CPU.Build.0 = Debug|Any CPU
		{157E90ED-7997-441A-9474-50B2E57B448C}.Release|Any CPU.ActiveCfg = Release|Any CPU
		{157E90ED-7997-441A-9474-50B2E57B448C}.Release|Any CPU.Build.0 = Release|Any CPU
		{00208EC7-3ADA-4344-A23B-5BC4650E7C00}.Debug|Any CPU.ActiveCfg = Debug|Any CPU
		{00208EC7-3ADA-4344-A23B-5BC4650E7C00}.Debug|Any CPU.Build.0 = Debug|Any CPU
		{00208EC7-3ADA-4344-A23B-5BC4650E7C00}.Release|Any CPU.ActiveCfg = Release|Any CPU
		{00208EC7-3ADA-4344-A23B-5BC4650E7C00}.Release|Any CPU.Build.0 = Release|Any CPU
	EndGlobalSection
	GlobalSection(SolutionProperties) = preSolution
		HideSolutionNode = FALSE
	EndGlobalSection
	GlobalSection(ExtensibilityGlobals) = postSolution
		SolutionGuid = {3C9EF9D8-2067-4F71-8865-4F387D5BC3C2}
	EndGlobalSection
EndGlobal
